
Microsoft Visual Studio Solution File, Format Version 12.00
# Visual Studio 15
Project("{FAE04EC0-301F-11D3-BF4B-00C04F79EFBC}") = "Praxis.Contracts", "Praxis.Contracts\Praxis.Contracts.csproj", "{E7700BFC-4DA3-449D-A2B3-6E45A4803A92}"
EndProject
Project("{FAE04EC0-301F-11D3-BF4B-00C04F79EFBC}") = "Praxis.Core", "Praxis.Core\Praxis.Core.csproj", "{00AA2BAD-AF0A-4D04-B6E5-3514BFD65E66}"
EndProject
Global
	GlobalSection(SolutionConfigurationPlatforms) = preSolution
		Debug|Any CPU = Debug|Any CPU
		Release|Any CPU = Release|Any CPU
	EndGlobalSection
	GlobalSection(ProjectConfigurationPlatforms) = postSolution
		{E7700BFC-4DA3-449D-A2B3-6E45A4803A92}.Debug|Any CPU.ActiveCfg = Debug|Any CPU
		{E7700BFC-4DA3-449D-A2B3-6E45A4803A92}.Debug|Any CPU.Build.0 = Debug|Any CPU
		{E7700BFC-4DA3-449D-A2B3-6E45A4803A92}.Release|Any CPU.ActiveCfg = Release|Any CPU
		{E7700BFC-4DA3-449D-A2B3-6E45A4803A92}.Release|Any CPU.Build.0 = Release|Any CPU
		{00AA2BAD-AF0A-4D04-B6E5-3514BFD65E66}.Debug|Any CPU.ActiveCfg = Debug|Any CPU
		{00AA2BAD-AF0A-4D04-B6E5-3514BFD65E66}.Debug|Any CPU.Build.0 = Debug|Any CPU
		{00AA2BAD-AF0A-4D04-B6E5-3514BFD65E66}.Release|Any CPU.ActiveCfg = Release|Any CPU
		{00AA2BAD-AF0A-4D04-B6E5-3514BFD65E66}.Release|Any CPU.Build.0 = Release|Any CPU
	EndGlobalSection
EndGlobal
